
Microsoft Visual Studio Solution File, Format Version 12.00
# Visual Studio 14
VisualStudioVersion = 14.0.25420.1
MinimumVisualStudioVersion = 10.0.40219.1
Project("{FAE04EC0-301F-11D3-BF4B-00C04F79EFBC}") = "VanGogEXE", "VanGogEXE\VanGogEXE.csproj", "{F5325E6D-9B0D-41C8-BABA-499B517FFB74}"
EndProject
Project("{FAE04EC0-301F-11D3-BF4B-00C04F79EFBC}") = "VanGogDll", "VanGogDll\VanGogDll.csproj", "{E94B56D7-1339-44BD-B239-3C8C61E94DFE}"
EndProject
Project("{FAE04EC0-301F-11D3-BF4B-00C04F79EFBC}") = "CheckGetBMP", "ConsoleApplication1\CheckGetBMP.csproj", "{57F616E8-E5BE-43FD-9231-E3F4192791F3}"
EndProject
Global
	GlobalSection(SolutionConfigurationPlatforms) = preSolution
		Debug|Any CPU = Debug|Any CPU
		Release|Any CPU = Release|Any CPU
	EndGlobalSection
	GlobalSection(ProjectConfigurationPlatforms) = postSolution
		{F5325E6D-9B0D-41C8-BABA-499B517FFB74}.Debug|Any CPU.ActiveCfg = Debug|Any CPU
		{F5325E6D-9B0D-41C8-BABA-499B517FFB74}.Debug|Any CPU.Build.0 = Debug|Any CPU
		{F5325E6D-9B0D-41C8-BABA-499B517FFB74}.Release|Any CPU.ActiveCfg = Release|Any CPU
		{F5325E6D-9B0D-41C8-BABA-499B517FFB74}.Release|Any CPU.Build.0 = Release|Any CPU
		{E94B56D7-1339-44BD-B239-3C8C61E94DFE}.Debug|Any CPU.ActiveCfg = Debug|Any CPU
		{E94B56D7-1339-44BD-B239-3C8C61E94DFE}.Debug|Any CPU.Build.0 = Debug|Any CPU
		{E94B56D7-1339-44BD-B239-3C8C61E94DFE}.Release|Any CPU.ActiveCfg = Release|Any CPU
		{E94B56D7-1339-44BD-B239-3C8C61E94DFE}.Release|Any CPU.Build.0 = Release|Any CPU
		{57F616E8-E5BE-43FD-9231-E3F4192791F3}.Debug|Any CPU.ActiveCfg = Debug|Any CPU
		{57F616E8-E5BE-43FD-9231-E3F4192791F3}.Debug|Any CPU.Build.0 = Debug|Any CPU
		{57F616E8-E5BE-43FD-9231-E3F4192791F3}.Release|Any CPU.ActiveCfg = Release|Any CPU
		{57F616E8-E5BE-43FD-9231-E3F4192791F3}.Release|Any CPU.Build.0 = Release|Any CPU
	EndGlobalSection
	GlobalSection(SolutionProperties) = preSolution
		HideSolutionNode = FALSE
	EndGlobalSection
EndGlobal
